// !$*UTF8*$!
{
	archiveVersion = 1;
	classes = {
	};
	objectVersion = 46;
	objects = {

/* Begin PBXBuildFile section */
		167225721DD4048800BC9224 /* array.c in Sources */ = {isa = PBXBuildFile; fileRef = 167225621DD4048800BC9224 /* array.c */; };
		167225771DD4048800BC9224 /* ipstring.c in Sources */ = {isa = PBXBuildFile; fileRef = 167225671DD4048800BC9224 /* ipstring.c */; };
		167225781DD4048800BC9224 /* matrix.c in Sources */ = {isa = PBXBuildFile; fileRef = 167225681DD4048800BC9224 /* matrix.c */; };
		1672257A1DD4048800BC9224 /* mystring.c in Sources */ = {isa = PBXBuildFile; fileRef = 1672256A1DD4048800BC9224 /* mystring.c */; };
		1672257D1DD4048800BC9224 /* sprite.c in Sources */ = {isa = PBXBuildFile; fileRef = 1672256D1DD4048800BC9224 /* sprite.c */; };
		167225801DD4048800BC9224 /* tween.c in Sources */ = {isa = PBXBuildFile; fileRef = 167225701DD4048800BC9224 /* tween.c */; };
		167225A41DD4066200BC9224 /* libSDL2_image.a in Frameworks */ = {isa = PBXBuildFile; fileRef = 1672258F1DD4059900BC9224 /* libSDL2_image.a */; };
		167225A51DD4066E00BC9224 /* libSDL2_mixer.a in Frameworks */ = {isa = PBXBuildFile; fileRef = 167225971DD405B300BC9224 /* libSDL2_mixer.a */; };
		167225A61DD4067700BC9224 /* libSDL2_ttf.a in Frameworks */ = {isa = PBXBuildFile; fileRef = 1672259F1DD405C800BC9224 /* libSDL2_ttf.a */; };
		167225A91DD4069700BC9224 /* AVFoundation.framework in Frameworks */ = {isa = PBXBuildFile; fileRef = 167225A81DD4069700BC9224 /* AVFoundation.framework */; };
		167225AF1DD4072900BC9224 /* base64.c in Sources */ = {isa = PBXBuildFile; fileRef = 167225AE1DD4072900BC9224 /* base64.c */; };
		167225B41DD4075200BC9224 /* myregex.c in Sources */ = {isa = PBXBuildFile; fileRef = 167225B11DD4075200BC9224 /* myregex.c */; };
		167225B71DD4077A00BC9224 /* urlcode.c in Sources */ = {isa = PBXBuildFile; fileRef = 167225B61DD4077A00BC9224 /* urlcode.c */; };
		167225BA1DD407AC00BC9224 /* files.c in Sources */ = {isa = PBXBuildFile; fileRef = 167225B81DD407AC00BC9224 /* files.c */; };
		167225BF1DD4081E00BC9224 /* ease.c in Sources */ = {isa = PBXBuildFile; fileRef = 167225BD1DD4081E00BC9224 /* ease.c */; };
		167225C31DD4086A00BC9224 /* libiconv.dylib in Frameworks */ = {isa = PBXBuildFile; fileRef = 167225C21DD4086A00BC9224 /* libiconv.dylib */; };
		167225C71DD4091000BC9224 /* filetypes.c in Sources */ = {isa = PBXBuildFile; fileRef = 167225C51DD4091000BC9224 /* filetypes.c */; };
		167225D91DD422F500BC9224 /* ImageIO.framework in Frameworks */ = {isa = PBXBuildFile; fileRef = 167225AC1DD406DF00BC9224 /* ImageIO.framework */; };
		16722EC01DD42A8300BC9224 /* MobileCoreServices.framework in Frameworks */ = {isa = PBXBuildFile; fileRef = 16722EBF1DD42A8300BC9224 /* MobileCoreServices.framework */; };
		16722EC11DD42C5900BC9224 /* testime.c in Sources */ = {isa = PBXBuildFile; fileRef = 1672256E1DD4048800BC9224 /* testime.c */; };
		16722EC21DD42C7500BC9224 /* searhdict.c in Sources */ = {isa = PBXBuildFile; fileRef = 167225831DD4053000BC9224 /* searhdict.c */; };
		16722EC31DD42C7B00BC9224 /* pinyin.c in Sources */ = {isa = PBXBuildFile; fileRef = 167225C01DD4085700BC9224 /* pinyin.c */; };
		16722EC51DD42C9200BC9224 /* mysurface.c in Sources */ = {isa = PBXBuildFile; fileRef = 167225B21DD4075200BC9224 /* mysurface.c */; };
		16722EC61DD42C9600BC9224 /* dict.c in Sources */ = {isa = PBXBuildFile; fileRef = 167225821DD4053000BC9224 /* dict.c */; };
		16722EC71DD42C9B00BC9224 /* cJSON.c in Sources */ = {isa = PBXBuildFile; fileRef = 167225641DD4048800BC9224 /* cJSON.c */; };
		16722EC81DD42CAD00BC9224 /* input.c in Sources */ = {isa = PBXBuildFile; fileRef = 167225861DD4055300BC9224 /* input.c */; };
		16722EC91DD42CB600BC9224 /* music.c in Sources */ = {isa = PBXBuildFile; fileRef = 167225691DD4048800BC9224 /* music.c */; };
		16722ECA1DD42CBB00BC9224 /* utf8.c in Sources */ = {isa = PBXBuildFile; fileRef = 167225711DD4048800BC9224 /* utf8.c */; };
		16722ED31DD42F3A00BC9224 /* kodi.c in Sources */ = {isa = PBXBuildFile; fileRef = 167225881DD4056D00BC9224 /* kodi.c */; };
		16722ED41DD42F4500BC9224 /* httploader.c in Sources */ = {isa = PBXBuildFile; fileRef = 167225651DD4048800BC9224 /* httploader.c */; };
		16722ED51DD42F4E00BC9224 /* httpserver.c in Sources */ = {isa = PBXBuildFile; fileRef = 167225661DD4048800BC9224 /* httpserver.c */; };
		16722ED61DD42F5B00BC9224 /* readbaidu.c in Sources */ = {isa = PBXBuildFile; fileRef = 1672256C1DD4048800BC9224 /* readbaidu.c */; };
		16722ED71DD42F6100BC9224 /* textfield.c in Sources */ = {isa = PBXBuildFile; fileRef = 1672256F1DD4048800BC9224 /* textfield.c */; };
		16722ED81DD42F7200BC9224 /* read_card.c in Sources */ = {isa = PBXBuildFile; fileRef = 1672256B1DD4048800BC9224 /* read_card.c */; };
		16722ED91DD42FC200BC9224 /* bytearray.c in Sources */ = {isa = PBXBuildFile; fileRef = 167225631DD4048800BC9224 /* bytearray.c */; };
		16722EE31DD43D7500BC9224 /* CoreGraphics.framework in Frameworks */ = {isa = PBXBuildFile; fileRef = FDB8BFC50E5A0F6A00980157 /* CoreGraphics.framework */; };
		16722EE51DD43DB000BC9224 /* GameController.framework in Frameworks */ = {isa = PBXBuildFile; fileRef = FAE0E9641BAF967F0098DFA4 /* GameController.framework */; };
		16722EE71DD4403000BC9224 /* CoreAudio.framework in Frameworks */ = {isa = PBXBuildFile; fileRef = FD779EDD0E26BA1200F39101 /* CoreAudio.framework */; };
		16722EE81DD4405000BC9224 /* AudioToolbox.framework in Frameworks */ = {isa = PBXBuildFile; fileRef = FD77A0840E26BDB800F39101 /* AudioToolbox.framework */; };
		16722EEB1DD4449000BC9224 /* libstdc++.6.0.9.dylib in Frameworks */ = {isa = PBXBuildFile; fileRef = 16722EEA1DD4449000BC9224 /* libstdc++.6.0.9.dylib */; };
		16722EEC1DD444FD00BC9224 /* UIKit.framework in Frameworks */ = {isa = PBXBuildFile; fileRef = 1DF5F4DF0D08C38300B7A737 /* UIKit.framework */; };
		16723F8B1DD452E500BC9224 /* libSDL2.a in Frameworks */ = {isa = PBXBuildFile; fileRef = 16723F861DD4529B00BC9224 /* libSDL2.a */; };
		1673E5E31DE2C34A00967E8B /* openssl in Frameworks */ = {isa = PBXBuildFile; fileRef = 1673E5E21DE2C34A00967E8B /* openssl */; };
		1673E5E51DE2C3A900967E8B /* sound in Resources */ = {isa = PBXBuildFile; fileRef = 1673E5E41DE2C3A900967E8B /* sound */; };
		1D60589F0D05DD5A006BFB54 /* Foundation.framework in Frameworks */ = {isa = PBXBuildFile; fileRef = 1D30AB110D05D00D00671497 /* Foundation.framework */; };
		28FD15000DC6FC520079059D /* OpenGLES.framework in Frameworks */ = {isa = PBXBuildFile; fileRef = 28FD14FF0DC6FC520079059D /* OpenGLES.framework */; };
		28FD15080DC6FC5B0079059D /* QuartzCore.framework in Frameworks */ = {isa = PBXBuildFile; fileRef = 28FD15070DC6FC5B0079059D /* QuartzCore.framework */; };
		FA8B4B97196703B400F8EB7C /* CoreMotion.framework in Frameworks */ = {isa = PBXBuildFile; fileRef = FA8B4B96196703B400F8EB7C /* CoreMotion.framework */; };
/* End PBXBuildFile section */

/* Begin PBXContainerItemProxy section */
		1672258E1DD4059900BC9224 /* PBXContainerItemProxy */ = {
			isa = PBXContainerItemProxy;
			containerPortal = 1672258A1DD4059900BC9224 /* SDL_image.xcodeproj */;
			proxyType = 2;
			remoteGlobalIDString = BE1FA74107AF4C45004B6283;
			remoteInfo = libSDL_image;
		};
		167225901DD4059F00BC9224 /* PBXContainerItemProxy */ = {
			isa = PBXContainerItemProxy;
			containerPortal = 1672258A1DD4059900BC9224 /* SDL_image.xcodeproj */;
			proxyType = 1;
			remoteGlobalIDString = BE1FA72F07AF4C45004B6283;
			remoteInfo = libSDL_image;
		};
		167225961DD405B300BC9224 /* PBXContainerItemProxy */ = {
			isa = PBXContainerItemProxy;
			containerPortal = 167225921DD405B200BC9224 /* SDL_mixer.xcodeproj */;
			proxyType = 2;
			remoteGlobalIDString = BE1FA95407AF96B2004B6283;
			remoteInfo = "Static Library";
		};
		167225981DD405B800BC9224 /* PBXContainerItemProxy */ = {
			isa = PBXContainerItemProxy;
			containerPortal = 167225921DD405B200BC9224 /* SDL_mixer.xcodeproj */;
			proxyType = 1;
			remoteGlobalIDString = BE1FA90707AF96B2004B6283;
			remoteInfo = "Static Library";
		};
		1672259E1DD405C800BC9224 /* PBXContainerItemProxy */ = {
			isa = PBXContainerItemProxy;
			containerPortal = 1672259A1DD405C800BC9224 /* SDL_ttf.xcodeproj */;
			proxyType = 2;
			remoteGlobalIDString = BE48FD6E07AFA17000BB41DA;
			remoteInfo = "Static Library";
		};
		167225A01DD405CE00BC9224 /* PBXContainerItemProxy */ = {
			isa = PBXContainerItemProxy;
			containerPortal = 1672259A1DD405C800BC9224 /* SDL_ttf.xcodeproj */;
			proxyType = 1;
			remoteGlobalIDString = BE48FD6807AFA17000BB41DA;
			remoteInfo = "Static Library";
		};
		16723F851DD4529B00BC9224 /* PBXContainerItemProxy */ = {
			isa = PBXContainerItemProxy;
			containerPortal = 16723F7F1DD4529B00BC9224 /* SDL.xcodeproj */;
			proxyType = 2;
			remoteGlobalIDString = FD6526630DE8FCCB002AD96B;
			remoteInfo = libSDL;
		};
		16723F871DD4529B00BC9224 /* PBXContainerItemProxy */ = {
			isa = PBXContainerItemProxy;
			containerPortal = 16723F7F1DD4529B00BC9224 /* SDL.xcodeproj */;
			proxyType = 2;
			remoteGlobalIDString = FAB598141BB5C1B100BE72C5;
			remoteInfo = "libSDL-tv";
		};
		16723F891DD452B800BC9224 /* PBXContainerItemProxy */ = {
			isa = PBXContainerItemProxy;
			containerPortal = 16723F7F1DD4529B00BC9224 /* SDL.xcodeproj */;
			proxyType = 1;
			remoteGlobalIDString = FD6526620DE8FCCB002AD96B;
			remoteInfo = libSDL;
		};
/* End PBXContainerItemProxy section */

/* Begin PBXFileReference section */
		167225621DD4048800BC9224 /* array.c */ = {isa = PBXFileReference; lastKnownFileType = sourcecode.c.c; path = array.c; sourceTree = "<group>"; };
		167225631DD4048800BC9224 /* bytearray.c */ = {isa = PBXFileReference; lastKnownFileType = sourcecode.c.c; path = bytearray.c; sourceTree = "<group>"; };
		167225641DD4048800BC9224 /* cJSON.c */ = {isa = PBXFileReference; lastKnownFileType = sourcecode.c.c; path = cJSON.c; sourceTree = "<group>"; };
		167225651DD4048800BC9224 /* httploader.c */ = {isa = PBXFileReference; lastKnownFileType = sourcecode.c.c; path = httploader.c; sourceTree = "<group>"; };
		167225661DD4048800BC9224 /* httpserver.c */ = {isa = PBXFileReference; lastKnownFileType = sourcecode.c.c; path = httpserver.c; sourceTree = "<group>"; };
		167225671DD4048800BC9224 /* ipstring.c */ = {isa = PBXFileReference; lastKnownFileType = sourcecode.c.c; path = ipstring.c; sourceTree = "<group>"; };
		167225681DD4048800BC9224 /* matrix.c */ = {isa = PBXFileReference; lastKnownFileType = sourcecode.c.c; path = matrix.c; sourceTree = "<group>"; };
		167225691DD4048800BC9224 /* music.c */ = {isa = PBXFileReference; lastKnownFileType = sourcecode.c.c; path = music.c; sourceTree = "<group>"; };
		1672256A1DD4048800BC9224 /* mystring.c */ = {isa = PBXFileReference; lastKnownFileType = sourcecode.c.c; path = mystring.c; sourceTree = "<group>"; };
		1672256B1DD4048800BC9224 /* read_card.c */ = {isa = PBXFileReference; lastKnownFileType = sourcecode.c.c; path = read_card.c; sourceTree = "<group>"; };
		1672256C1DD4048800BC9224 /* readbaidu.c */ = {isa = PBXFileReference; lastKnownFileType = sourcecode.c.c; path = readbaidu.c; sourceTree = "<group>"; };
		1672256D1DD4048800BC9224 /* sprite.c */ = {isa = PBXFileReference; lastKnownFileType = sourcecode.c.c; path = sprite.c; sourceTree = "<group>"; };
		1672256E1DD4048800BC9224 /* testime.c */ = {isa = PBXFileReference; lastKnownFileType = sourcecode.c.c; path = testime.c; sourceTree = "<group>"; };
		1672256F1DD4048800BC9224 /* textfield.c */ = {isa = PBXFileReference; lastKnownFileType = sourcecode.c.c; path = textfield.c; sourceTree = "<group>"; };
		167225701DD4048800BC9224 /* tween.c */ = {isa = PBXFileReference; lastKnownFileType = sourcecode.c.c; path = tween.c; sourceTree = "<group>"; };
		167225711DD4048800BC9224 /* utf8.c */ = {isa = PBXFileReference; lastKnownFileType = sourcecode.c.c; path = utf8.c; sourceTree = "<group>"; };
		167225821DD4053000BC9224 /* dict.c */ = {isa = PBXFileReference; lastKnownFileType = sourcecode.c.c; path = dict.c; sourceTree = "<group>"; };
		167225831DD4053000BC9224 /* searhdict.c */ = {isa = PBXFileReference; lastKnownFileType = sourcecode.c.c; path = searhdict.c; sourceTree = "<group>"; };
		167225861DD4055300BC9224 /* input.c */ = {isa = PBXFileReference; lastKnownFileType = sourcecode.c.c; path = input.c; sourceTree = "<group>"; };
		167225881DD4056D00BC9224 /* kodi.c */ = {isa = PBXFileReference; lastKnownFileType = sourcecode.c.c; path = kodi.c; sourceTree = "<group>"; };
		1672258A1DD4059900BC9224 /* SDL_image.xcodeproj */ = {isa = PBXFileReference; lastKnownFileType = "wrapper.pb-project"; name = SDL_image.xcodeproj; path = "../SDL2_image/Xcode-iOS/SDL_image.xcodeproj"; sourceTree = "<group>"; };
		167225921DD405B200BC9224 /* SDL_mixer.xcodeproj */ = {isa = PBXFileReference; lastKnownFileType = "wrapper.pb-project"; name = SDL_mixer.xcodeproj; path = "../SDL2_mixer/Xcode-iOS/SDL_mixer.xcodeproj"; sourceTree = "<group>"; };
		1672259A1DD405C800BC9224 /* SDL_ttf.xcodeproj */ = {isa = PBXFileReference; lastKnownFileType = "wrapper.pb-project"; name = SDL_ttf.xcodeproj; path = "../SDL2_ttf/Xcode-iOS/SDL_ttf.xcodeproj"; sourceTree = "<group>"; };
		167225A81DD4069700BC9224 /* AVFoundation.framework */ = {isa = PBXFileReference; lastKnownFileType = wrapper.framework; name = AVFoundation.framework; path = System/Library/Frameworks/AVFoundation.framework; sourceTree = SDKROOT; };
		167225AA1DD406C400BC9224 /* CoreImage.framework */ = {isa = PBXFileReference; lastKnownFileType = wrapper.framework; name = CoreImage.framework; path = System/Library/Frameworks/CoreImage.framework; sourceTree = SDKROOT; };
		167225AC1DD406DF00BC9224 /* ImageIO.framework */ = {isa = PBXFileReference; lastKnownFileType = wrapper.framework; name = ImageIO.framework; path = System/Library/Frameworks/ImageIO.framework; sourceTree = SDKROOT; };
		167225AE1DD4072900BC9224 /* base64.c */ = {isa = PBXFileReference; lastKnownFileType = sourcecode.c.c; path = base64.c; sourceTree = "<group>"; };
		167225B11DD4075200BC9224 /* myregex.c */ = {isa = PBXFileReference; lastKnownFileType = sourcecode.c.c; path = myregex.c; sourceTree = "<group>"; };
		167225B21DD4075200BC9224 /* mysurface.c */ = {isa = PBXFileReference; lastKnownFileType = sourcecode.c.c; path = mysurface.c; sourceTree = "<group>"; };
		167225B61DD4077A00BC9224 /* urlcode.c */ = {isa = PBXFileReference; lastKnownFileType = sourcecode.c.c; path = urlcode.c; sourceTree = "<group>"; };
		167225B81DD407AC00BC9224 /* files.c */ = {isa = PBXFileReference; lastKnownFileType = sourcecode.c.c; path = files.c; sourceTree = "<group>"; };
		167225BD1DD4081E00BC9224 /* ease.c */ = {isa = PBXFileReference; lastKnownFileType = sourcecode.c.c; path = ease.c; sourceTree = "<group>"; };
		167225C01DD4085700BC9224 /* pinyin.c */ = {isa = PBXFileReference; lastKnownFileType = sourcecode.c.c; path = pinyin.c; sourceTree = "<group>"; };
		167225C21DD4086A00BC9224 /* libiconv.dylib */ = {isa = PBXFileReference; lastKnownFileType = "compiled.mach-o.dylib"; name = libiconv.dylib; path = usr/lib/libiconv.dylib; sourceTree = SDKROOT; };
		167225C51DD4091000BC9224 /* filetypes.c */ = {isa = PBXFileReference; lastKnownFileType = sourcecode.c.c; path = filetypes.c; sourceTree = "<group>"; };
		167225D51DD41E9700BC9224 /* CoreMedia.framework */ = {isa = PBXFileReference; lastKnownFileType = wrapper.framework; name = CoreMedia.framework; path = System/Library/Frameworks/CoreMedia.framework; sourceTree = SDKROOT; };
		167225D71DD41F1700BC9224 /* libcorecrypto.dylib */ = {isa = PBXFileReference; lastKnownFileType = "compiled.mach-o.dylib"; name = libcorecrypto.dylib; path = usr/lib/system/libcorecrypto.dylib; sourceTree = SDKROOT; };
		16722EBF1DD42A8300BC9224 /* MobileCoreServices.framework */ = {isa = PBXFileReference; lastKnownFileType = wrapper.framework; name = MobileCoreServices.framework; path = System/Library/Frameworks/MobileCoreServices.framework; sourceTree = SDKROOT; };
		16722ECF1DD42EDA00BC9224 /* CoreText.framework */ = {isa = PBXFileReference; lastKnownFileType = wrapper.framework; name = CoreText.framework; path = System/Library/Frameworks/CoreText.framework; sourceTree = SDKROOT; };
		16722EDA1DD42FE800BC9224 /* AudioUnit.framework */ = {isa = PBXFileReference; lastKnownFileType = wrapper.framework; name = AudioUnit.framework; path = System/Library/Frameworks/AudioUnit.framework; sourceTree = SDKROOT; };
		16722EDC1DD4307600BC9224 /* OpenAL.framework */ = {isa = PBXFileReference; lastKnownFileType = wrapper.framework; name = OpenAL.framework; path = System/Library/Frameworks/OpenAL.framework; sourceTree = SDKROOT; };
		16722EDE1DD4308D00BC9224 /* CoreMIDI.framework */ = {isa = PBXFileReference; lastKnownFileType = wrapper.framework; name = CoreMIDI.framework; path = System/Library/Frameworks/CoreMIDI.framework; sourceTree = SDKROOT; };
		16722EE01DD43B6F00BC9224 /* GameKit.framework */ = {isa = PBXFileReference; lastKnownFileType = wrapper.framework; name = GameKit.framework; path = System/Library/Frameworks/GameKit.framework; sourceTree = SDKROOT; };
		16722EEA1DD4449000BC9224 /* libstdc++.6.0.9.dylib */ = {isa = PBXFileReference; lastKnownFileType = "compiled.mach-o.dylib"; name = "libstdc++.6.0.9.dylib"; path = "usr/lib/libstdc++.6.0.9.dylib"; sourceTree = SDKROOT; };
		16723F7F1DD4529B00BC9224 /* SDL.xcodeproj */ = {isa = PBXFileReference; lastKnownFileType = "wrapper.pb-project"; name = SDL.xcodeproj; path = "../SDL2/Xcode-iOS/SDL/SDL.xcodeproj"; sourceTree = "<group>"; };
		1673E5E21DE2C34A00967E8B /* openssl */ = {isa = PBXFileReference; lastKnownFileType = archive.ar; name = openssl; path = include/openssl.framework/Versions/A/openssl; sourceTree = "<group>"; };
		1673E5E41DE2C3A900967E8B /* sound */ = {isa = PBXFileReference; lastKnownFileType = folder; name = sound; path = ../../../sound; sourceTree = "<group>"; };
		1D30AB110D05D00D00671497 /* Foundation.framework */ = {isa = PBXFileReference; lastKnownFileType = wrapper.framework; name = Foundation.framework; path = System/Library/Frameworks/Foundation.framework; sourceTree = SDKROOT; };
		1D6058910D05DD3D006BFB54 /* ___PROJECTNAME___.app */ = {isa = PBXFileReference; explicitFileType = wrapper.application; includeInIndex = 0; path = "___PROJECTNAME___.app"; sourceTree = BUILT_PRODUCTS_DIR; };
		1DF5F4DF0D08C38300B7A737 /* UIKit.framework */ = {isa = PBXFileReference; lastKnownFileType = wrapper.framework; name = UIKit.framework; path = System/Library/Frameworks/UIKit.framework; sourceTree = SDKROOT; };
		28FD14FF0DC6FC520079059D /* OpenGLES.framework */ = {isa = PBXFileReference; lastKnownFileType = wrapper.framework; name = OpenGLES.framework; path = System/Library/Frameworks/OpenGLES.framework; sourceTree = SDKROOT; };
		28FD15070DC6FC5B0079059D /* QuartzCore.framework */ = {isa = PBXFileReference; lastKnownFileType = wrapper.framework; name = QuartzCore.framework; path = System/Library/Frameworks/QuartzCore.framework; sourceTree = SDKROOT; };
		FA8B4B96196703B400F8EB7C /* CoreMotion.framework */ = {isa = PBXFileReference; lastKnownFileType = wrapper.framework; name = CoreMotion.framework; path = System/Library/Frameworks/CoreMotion.framework; sourceTree = SDKROOT; };
		FAE0E9641BAF967F0098DFA4 /* GameController.framework */ = {isa = PBXFileReference; lastKnownFileType = wrapper.framework; name = GameController.framework; path = System/Library/Frameworks/GameController.framework; sourceTree = SDKROOT; };
		FD779EDD0E26BA1200F39101 /* CoreAudio.framework */ = {isa = PBXFileReference; lastKnownFileType = wrapper.framework; name = CoreAudio.framework; path = System/Library/Frameworks/CoreAudio.framework; sourceTree = SDKROOT; };
		FD77A0840E26BDB800F39101 /* AudioToolbox.framework */ = {isa = PBXFileReference; lastKnownFileType = wrapper.framework; name = AudioToolbox.framework; path = System/Library/Frameworks/AudioToolbox.framework; sourceTree = SDKROOT; };
		FDB8BFC50E5A0F6A00980157 /* CoreGraphics.framework */ = {isa = PBXFileReference; lastKnownFileType = wrapper.framework; name = CoreGraphics.framework; path = System/Library/Frameworks/CoreGraphics.framework; sourceTree = SDKROOT; };
/* End PBXFileReference section */

/* Begin PBXFrameworksBuildPhase section */
		1D60588F0D05DD3D006BFB54 /* Frameworks */ = {
			isa = PBXFrameworksBuildPhase;
			buildActionMask = 2147483647;
			files = (
				1673E5E31DE2C34A00967E8B /* openssl in Frameworks */,
				16723F8B1DD452E500BC9224 /* libSDL2.a in Frameworks */,
				16722EEC1DD444FD00BC9224 /* UIKit.framework in Frameworks */,
				16722EEB1DD4449000BC9224 /* libstdc++.6.0.9.dylib in Frameworks */,
				16722EE81DD4405000BC9224 /* AudioToolbox.framework in Frameworks */,
				16722EE71DD4403000BC9224 /* CoreAudio.framework in Frameworks */,
				16722EE51DD43DB000BC9224 /* GameController.framework in Frameworks */,
				16722EE31DD43D7500BC9224 /* CoreGraphics.framework in Frameworks */,
				16722EC01DD42A8300BC9224 /* MobileCoreServices.framework in Frameworks */,
				167225D91DD422F500BC9224 /* ImageIO.framework in Frameworks */,
				167225C31DD4086A00BC9224 /* libiconv.dylib in Frameworks */,
				167225A91DD4069700BC9224 /* AVFoundation.framework in Frameworks */,
				167225A61DD4067700BC9224 /* libSDL2_ttf.a in Frameworks */,
				167225A51DD4066E00BC9224 /* libSDL2_mixer.a in Frameworks */,
				167225A41DD4066200BC9224 /* libSDL2_image.a in Frameworks */,
				1D60589F0D05DD5A006BFB54 /* Foundation.framework in Frameworks */,
				28FD15000DC6FC520079059D /* OpenGLES.framework in Frameworks */,
				28FD15080DC6FC5B0079059D /* QuartzCore.framework in Frameworks */,
				FA8B4B97196703B400F8EB7C /* CoreMotion.framework in Frameworks */,
			);
			runOnlyForDeploymentPostprocessing = 0;
		};
/* End PBXFrameworksBuildPhase section */

/* Begin PBXGroup section */
		1672258B1DD4059900BC9224 /* Products */ = {
			isa = PBXGroup;
			children = (
				1672258F1DD4059900BC9224 /* libSDL2_image.a */,
			);
			name = Products;
			sourceTree = "<group>";
		};
		167225931DD405B200BC9224 /* Products */ = {
			isa = PBXGroup;
			children = (
				167225971DD405B300BC9224 /* libSDL2_mixer.a */,
			);
			name = Products;
			sourceTree = "<group>";
		};
		1672259B1DD405C800BC9224 /* Products */ = {
			isa = PBXGroup;
			children = (
				1672259F1DD405C800BC9224 /* libSDL2_ttf.a */,
			);
			name = Products;
			sourceTree = "<group>";
		};
		16723F801DD4529B00BC9224 /* Products */ = {
			isa = PBXGroup;
			children = (
				16723F861DD4529B00BC9224 /* libSDL2.a */,
				16723F881DD4529B00BC9224 /* libSDL2.a */,
			);
			name = Products;
			sourceTree = "<group>";
		};
		19C28FACFE9D520D11CA2CBB /* Products */ = {
			isa = PBXGroup;
			children = (
				1D6058910D05DD3D006BFB54 /* ___PROJECTNAME___.app */,
			);
			name = Products;
			sourceTree = "<group>";
		};
		29B97314FDCFA39411CA2CEA /* CustomTemplate */ = {
			isa = PBXGroup;
			children = (
				29B97315FDCFA39411CA2CEA /* Sources */,
				29B97317FDCFA39411CA2CEA /* Resources */,
				29B97323FDCFA39411CA2CEA /* Frameworks */,
				19C28FACFE9D520D11CA2CBB /* Products */,
			);
			name = CustomTemplate;
			sourceTree = "<group>";
		};
		29B97315FDCFA39411CA2CEA /* Sources */ = {
			isa = PBXGroup;
			children = (
				16723F7F1DD4529B00BC9224 /* SDL.xcodeproj */,
				167225C51DD4091000BC9224 /* filetypes.c */,
				167225C01DD4085700BC9224 /* pinyin.c */,
				167225BD1DD4081E00BC9224 /* ease.c */,
				167225B81DD407AC00BC9224 /* files.c */,
				167225B61DD4077A00BC9224 /* urlcode.c */,
				167225B11DD4075200BC9224 /* myregex.c */,
				167225B21DD4075200BC9224 /* mysurface.c */,
				167225AE1DD4072900BC9224 /* base64.c */,
				167225881DD4056D00BC9224 /* kodi.c */,
				167225861DD4055300BC9224 /* input.c */,
				167225821DD4053000BC9224 /* dict.c */,
				167225831DD4053000BC9224 /* searhdict.c */,
				167225621DD4048800BC9224 /* array.c */,
				167225631DD4048800BC9224 /* bytearray.c */,
				167225641DD4048800BC9224 /* cJSON.c */,
				167225651DD4048800BC9224 /* httploader.c */,
				167225661DD4048800BC9224 /* httpserver.c */,
				167225671DD4048800BC9224 /* ipstring.c */,
				167225681DD4048800BC9224 /* matrix.c */,
				167225691DD4048800BC9224 /* music.c */,
				1672256A1DD4048800BC9224 /* mystring.c */,
				1672256B1DD4048800BC9224 /* read_card.c */,
				1672256C1DD4048800BC9224 /* readbaidu.c */,
				1672256D1DD4048800BC9224 /* sprite.c */,
				1672256E1DD4048800BC9224 /* testime.c */,
				1672256F1DD4048800BC9224 /* textfield.c */,
				167225701DD4048800BC9224 /* tween.c */,
				167225711DD4048800BC9224 /* utf8.c */,
				1672259A1DD405C800BC9224 /* SDL_ttf.xcodeproj */,
				167225921DD405B200BC9224 /* SDL_mixer.xcodeproj */,
				1672258A1DD4059900BC9224 /* SDL_image.xcodeproj */,
			);
			name = Sources;
			sourceTree = "<group>";
		};
		29B97317FDCFA39411CA2CEA /* Resources */ = {
			isa = PBXGroup;
			children = (
				1673E5E41DE2C3A900967E8B /* sound */,
			);
			name = Resources;
			sourceTree = "<group>";
		};
		29B97323FDCFA39411CA2CEA /* Frameworks */ = {
			isa = PBXGroup;
			children = (
				1673E5E21DE2C34A00967E8B /* openssl */,
				16722EEA1DD4449000BC9224 /* libstdc++.6.0.9.dylib */,
				16722EE01DD43B6F00BC9224 /* GameKit.framework */,
				16722EDE1DD4308D00BC9224 /* CoreMIDI.framework */,
				16722EDC1DD4307600BC9224 /* OpenAL.framework */,
				16722EDA1DD42FE800BC9224 /* AudioUnit.framework */,
				16722ECF1DD42EDA00BC9224 /* CoreText.framework */,
				16722EBF1DD42A8300BC9224 /* MobileCoreServices.framework */,
				167225D71DD41F1700BC9224 /* libcorecrypto.dylib */,
				167225D51DD41E9700BC9224 /* CoreMedia.framework */,
				167225C21DD4086A00BC9224 /* libiconv.dylib */,
				167225AC1DD406DF00BC9224 /* ImageIO.framework */,
				167225AA1DD406C400BC9224 /* CoreImage.framework */,
				167225A81DD4069700BC9224 /* AVFoundation.framework */,
				FAE0E9641BAF967F0098DFA4 /* GameController.framework */,
				FA8B4B96196703B400F8EB7C /* CoreMotion.framework */,
				FDB8BFC50E5A0F6A00980157 /* CoreGraphics.framework */,
				FD77A0840E26BDB800F39101 /* AudioToolbox.framework */,
				FD779EDD0E26BA1200F39101 /* CoreAudio.framework */,
				28FD15070DC6FC5B0079059D /* QuartzCore.framework */,
				28FD14FF0DC6FC520079059D /* OpenGLES.framework */,
				1DF5F4DF0D08C38300B7A737 /* UIKit.framework */,
				1D30AB110D05D00D00671497 /* Foundation.framework */,
			);
			name = Frameworks;
			sourceTree = "<group>";
		};
/* End PBXGroup section */

/* Begin PBXHeadersBuildPhase section */
		1672418E1DD4612A00BC9224 /* Headers */ = {
			isa = PBXHeadersBuildPhase;
			buildActionMask = 2147483647;
			files = (
			);
			runOnlyForDeploymentPostprocessing = 0;
		};
/* End PBXHeadersBuildPhase section */

/* Begin PBXNativeTarget section */
		1D6058900D05DD3D006BFB54 /* ___PROJECTNAME___ */ = {
			isa = PBXNativeTarget;
			buildConfigurationList = 1D6058960D05DD3E006BFB54 /* Build configuration list for PBXNativeTarget "___PROJECTNAME___" */;
			buildPhases = (
				1D60588D0D05DD3D006BFB54 /* Resources */,
				1D60588E0D05DD3D006BFB54 /* Sources */,
				1D60588F0D05DD3D006BFB54 /* Frameworks */,
				1672418E1DD4612A00BC9224 /* Headers */,
			);
			buildRules = (
			);
			dependencies = (
				16723F8A1DD452B800BC9224 /* PBXTargetDependency */,
				167225A11DD405CE00BC9224 /* PBXTargetDependency */,
				167225991DD405B800BC9224 /* PBXTargetDependency */,
				167225911DD4059F00BC9224 /* PBXTargetDependency */,
			);
			name = "___PROJECTNAME___";
			productName = "___PROJECTNAME___";
			productReference = 1D6058910D05DD3D006BFB54 /* ___PROJECTNAME___.app */;
			productType = "com.apple.product-type.application";
		};
/* End PBXNativeTarget section */

/* Begin PBXProject section */
		29B97313FDCFA39411CA2CEA /* Project object */ = {
			isa = PBXProject;
			attributes = {
				LastUpgradeCheck = 0510;
			};
			buildConfigurationList = C01FCF4E08A954540054247B /* Build configuration list for PBXProject "___PROJECTNAME___" */;
			compatibilityVersion = "Xcode 3.2";
			developmentRegion = English;
			hasScannedForEncodings = 1;
			knownRegions = (
				English,
				Japanese,
				French,
				German,
			);
			mainGroup = 29B97314FDCFA39411CA2CEA /* CustomTemplate */;
			projectDirPath = "";
			projectReferences = (
				{
					ProductGroup = 16723F801DD4529B00BC9224 /* Products */;
					ProjectRef = 16723F7F1DD4529B00BC9224 /* SDL.xcodeproj */;
				},
				{
					ProductGroup = 1672258B1DD4059900BC9224 /* Products */;
					ProjectRef = 1672258A1DD4059900BC9224 /* SDL_image.xcodeproj */;
				},
				{
					ProductGroup = 167225931DD405B200BC9224 /* Products */;
					ProjectRef = 167225921DD405B200BC9224 /* SDL_mixer.xcodeproj */;
				},
				{
					ProductGroup = 1672259B1DD405C800BC9224 /* Products */;
					ProjectRef = 1672259A1DD405C800BC9224 /* SDL_ttf.xcodeproj */;
				},
			);
			projectRoot = "";
			targets = (
				1D6058900D05DD3D006BFB54 /* ___PROJECTNAME___ */,
			);
		};
/* End PBXProject section */

/* Begin PBXReferenceProxy section */
		1672258F1DD4059900BC9224 /* libSDL2_image.a */ = {
			isa = PBXReferenceProxy;
			fileType = archive.ar;
			path = libSDL2_image.a;
			remoteRef = 1672258E1DD4059900BC9224 /* PBXContainerItemProxy */;
			sourceTree = BUILT_PRODUCTS_DIR;
		};
		167225971DD405B300BC9224 /* libSDL2_mixer.a */ = {
			isa = PBXReferenceProxy;
			fileType = archive.ar;
			path = libSDL2_mixer.a;
			remoteRef = 167225961DD405B300BC9224 /* PBXContainerItemProxy */;
			sourceTree = BUILT_PRODUCTS_DIR;
		};
		1672259F1DD405C800BC9224 /* libSDL2_ttf.a */ = {
			isa = PBXReferenceProxy;
			fileType = archive.ar;
			path = libSDL2_ttf.a;
			remoteRef = 1672259E1DD405C800BC9224 /* PBXContainerItemProxy */;
			sourceTree = BUILT_PRODUCTS_DIR;
		};
		16723F861DD4529B00BC9224 /* libSDL2.a */ = {
			isa = PBXReferenceProxy;
			fileType = archive.ar;
			path = libSDL2.a;
			remoteRef = 16723F851DD4529B00BC9224 /* PBXContainerItemProxy */;
			sourceTree = BUILT_PRODUCTS_DIR;
		};
		16723F881DD4529B00BC9224 /* libSDL2.a */ = {
			isa = PBXReferenceProxy;
			fileType = archive.ar;
			path = libSDL2.a;
			remoteRef = 16723F871DD4529B00BC9224 /* PBXContainerItemProxy */;
			sourceTree = BUILT_PRODUCTS_DIR;
		};
/* End PBXReferenceProxy section */

/* Begin PBXResourcesBuildPhase section */
		1D60588D0D05DD3D006BFB54 /* Resources */ = {
			isa = PBXResourcesBuildPhase;
			buildActionMask = 2147483647;
			files = (
				1673E5E51DE2C3A900967E8B /* sound in Resources */,
			);
			runOnlyForDeploymentPostprocessing = 0;
		};
/* End PBXResourcesBuildPhase section */

/* Begin PBXSourcesBuildPhase section */
		1D60588E0D05DD3D006BFB54 /* Sources */ = {
			isa = PBXSourcesBuildPhase;
			buildActionMask = 2147483647;
			files = (
				16722ED91DD42FC200BC9224 /* bytearray.c in Sources */,
				16722ED81DD42F7200BC9224 /* read_card.c in Sources */,
				16722ED71DD42F6100BC9224 /* textfield.c in Sources */,
				16722ED61DD42F5B00BC9224 /* readbaidu.c in Sources */,
				16722ED51DD42F4E00BC9224 /* httpserver.c in Sources */,
				16722ED41DD42F4500BC9224 /* httploader.c in Sources */,
				16722ED31DD42F3A00BC9224 /* kodi.c in Sources */,
				16722ECA1DD42CBB00BC9224 /* utf8.c in Sources */,
				16722EC91DD42CB600BC9224 /* music.c in Sources */,
				16722EC81DD42CAD00BC9224 /* input.c in Sources */,
				16722EC71DD42C9B00BC9224 /* cJSON.c in Sources */,
				16722EC61DD42C9600BC9224 /* dict.c in Sources */,
				16722EC51DD42C9200BC9224 /* mysurface.c in Sources */,
				16722EC31DD42C7B00BC9224 /* pinyin.c in Sources */,
				16722EC21DD42C7500BC9224 /* searhdict.c in Sources */,
				16722EC11DD42C5900BC9224 /* testime.c in Sources */,
				167225C71DD4091000BC9224 /* filetypes.c in Sources */,
				167225BF1DD4081E00BC9224 /* ease.c in Sources */,
				167225BA1DD407AC00BC9224 /* files.c in Sources */,
				167225B71DD4077A00BC9224 /* urlcode.c in Sources */,
				167225B41DD4075200BC9224 /* myregex.c in Sources */,
				167225AF1DD4072900BC9224 /* base64.c in Sources */,
				167225721DD4048800BC9224 /* array.c in Sources */,
				167225771DD4048800BC9224 /* ipstring.c in Sources */,
				167225781DD4048800BC9224 /* matrix.c in Sources */,
				1672257A1DD4048800BC9224 /* mystring.c in Sources */,
				1672257D1DD4048800BC9224 /* sprite.c in Sources */,
				167225801DD4048800BC9224 /* tween.c in Sources */,
			);
			runOnlyForDeploymentPostprocessing = 0;
		};
/* End PBXSourcesBuildPhase section */

/* Begin PBXTargetDependency section */
		167225911DD4059F00BC9224 /* PBXTargetDependency */ = {
			isa = PBXTargetDependency;
			name = libSDL_image;
			targetProxy = 167225901DD4059F00BC9224 /* PBXContainerItemProxy */;
		};
		167225991DD405B800BC9224 /* PBXTargetDependency */ = {
			isa = PBXTargetDependency;
			name = "Static Library";
			targetProxy = 167225981DD405B800BC9224 /* PBXContainerItemProxy */;
		};
		167225A11DD405CE00BC9224 /* PBXTargetDependency */ = {
			isa = PBXTargetDependency;
			name = "Static Library";
			targetProxy = 167225A01DD405CE00BC9224 /* PBXContainerItemProxy */;
		};
		16723F8A1DD452B800BC9224 /* PBXTargetDependency */ = {
			isa = PBXTargetDependency;
			name = libSDL;
			targetProxy = 16723F891DD452B800BC9224 /* PBXContainerItemProxy */;
		};
/* End PBXTargetDependency section */

/* Begin XCBuildConfiguration section */
		1D6058940D05DD3E006BFB54 /* Debug */ = {
			isa = XCBuildConfiguration;
			buildSettings = {
				ALWAYS_SEARCH_USER_PATHS = NO;
				CODE_SIGN_IDENTITY = "iPhone Developer";
				"CODE_SIGN_IDENTITY[sdk=iphoneos*]" = "iPhone Distribution: hunan huaien network technology co., ltd. (6ZVSARMRUF)";
				CODE_SIGN_RESOURCE_RULES_PATH = "";
				COPY_PHASE_STRIP = NO;
				FRAMEWORK_SEARCH_PATHS = (
					include,
					"$(inherited)",
					"$(PROJECT_DIR)/include",
				);
				GCC_DYNAMIC_NO_PIC = NO;
				GCC_OPTIMIZATION_LEVEL = 0;
				GCC_PRECOMPILE_PREFIX_HEADER = YES;
				GCC_PREFIX_HEADER = "";
				GCC_PREPROCESSOR_DEFINITIONS = test_ime;
				INFOPLIST_FILE = Info.plist;
				IPHONEOS_DEPLOYMENT_TARGET = 6.0;
				LIBRARY_SEARCH_PATHS = (
					"$(inherited)",
					"$(SDKROOT)/usr/lib/system",
					"$(PROJECT_DIR)/bin/iPhoneSimulator7.1-x86_64.sdk/lib",
					"$(PROJECT_DIR)/bin/iPhoneOS7.1-armv7.sdk/lib",
					"$(PROJECT_DIR)/bin/iPhoneSimulator7.1-i386.sdk/lib",
					"$(PROJECT_DIR)/bin/iPhoneOS7.1-armv7s.sdk/lib",
					"$(PROJECT_DIR)/include/openssl.framework/Versions/A",
				);
				PRODUCT_NAME = "___PROJECTNAME___";
				USER_HEADER_SEARCH_PATHS = "../SDL2/include ../SDL2_image ../SDL2_mixer ../SDL2_ttf ./bin/iPhoneSimulator7.1-x86_64.sdk/include ./include";
			};
			name = Debug;
		};
		1D6058950D05DD3E006BFB54 /* Release */ = {
			isa = XCBuildConfiguration;
			buildSettings = {
				ALWAYS_SEARCH_USER_PATHS = NO;
				CODE_SIGN_IDENTITY = "iPhone Developer";
				CODE_SIGN_RESOURCE_RULES_PATH = "";
				COPY_PHASE_STRIP = YES;
				FRAMEWORK_SEARCH_PATHS = (
					include,
					"$(inherited)",
					"$(PROJECT_DIR)/include",
				);
				GCC_PRECOMPILE_PREFIX_HEADER = YES;
				GCC_PREFIX_HEADER = "";
				GCC_PREPROCESSOR_DEFINITIONS = test_ime;
				INFOPLIST_FILE = Info.plist;
				IPHONEOS_DEPLOYMENT_TARGET = 6.0;
				LIBRARY_SEARCH_PATHS = (
					"$(inherited)",
					"$(SDKROOT)/usr/lib/system",
					"$(PROJECT_DIR)/bin/iPhoneSimulator7.1-x86_64.sdk/lib",
					"$(PROJECT_DIR)/bin/iPhoneOS7.1-armv7.sdk/lib",
					"$(PROJECT_DIR)/bin/iPhoneSimulator7.1-i386.sdk/lib",
					"$(PROJECT_DIR)/bin/iPhoneOS7.1-armv7s.sdk/lib",
					"$(PROJECT_DIR)/include/openssl.framework/Versions/A",
				);
				PRODUCT_NAME = "___PROJECTNAME___";
				USER_HEADER_SEARCH_PATHS = "../SDL2/include ../SDL2_image ../SDL2_mixer ../SDL2_ttf ./bin/iPhoneSimulator7.1-x86_64.sdk/include ./include";
			};
			name = Release;
		};
		C01FCF4F08A954540054247B /* Debug */ = {
			isa = XCBuildConfiguration;
			buildSettings = {
				"CODE_SIGN_IDENTITY[sdk=iphoneos*]" = "iPhone Developer";
				GCC_C_LANGUAGE_STANDARD = c99;
				GCC_WARN_ABOUT_RETURN_TYPE = YES;
				GCC_WARN_UNUSED_VARIABLE = YES;
				ONLY_ACTIVE_ARCH = YES;
				OTHER_CFLAGS = "";
				PREBINDING = NO;
				SDKROOT = iphoneos;
			};
			name = Debug;
		};
		C01FCF5008A954540054247B /* Release */ = {
			isa = XCBuildConfiguration;
			buildSettings = {
				"CODE_SIGN_IDENTITY[sdk=iphoneos*]" = "iPhone Developer";
				GCC_C_LANGUAGE_STANDARD = c99;
				GCC_WARN_ABOUT_RETURN_TYPE = YES;
				GCC_WARN_UNUSED_VARIABLE = YES;
				OTHER_CFLAGS = "";
				PREBINDING = NO;
				SDKROOT = iphoneos;
			};
			name = Release;
		};
/* End XCBuildConfiguration section */

/* Begin XCConfigurationList section */
		1D6058960D05DD3E006BFB54 /* Build configuration list for PBXNativeTarget "___PROJECTNAME___" */ = {
			isa = XCConfigurationList;
			buildConfigurations = (
				1D6058940D05DD3E006BFB54 /* Debug */,
				1D6058950D05DD3E006BFB54 /* Release */,
			);
			defaultConfigurationIsVisible = 0;
			defaultConfigurationName = Release;
		};
		C01FCF4E08A954540054247B /* Build configuration list for PBXProject "___PROJECTNAME___" */ = {
			isa = XCConfigurationList;
			buildConfigurations = (
				C01FCF4F08A954540054247B /* Debug */,
				C01FCF5008A954540054247B /* Release */,
			);
			defaultConfigurationIsVisible = 0;
			defaultConfigurationName = Release;
		};
/* End XCConfigurationList section */
	};
	rootObject = 29B97313FDCFA39411CA2CEA /* Project object */;
}
